
Microsoft Visual Studio Solution File, Format Version 12.00
# Visual Studio Version 16
VisualStudioVersion = 16.0.32106.194
MinimumVisualStudioVersion = 10.0.40219.1
Project("{FAE04EC0-301F-11D3-BF4B-00C04F79EFBC}") = "ConsoleApp1", "ConsoleApp1\ConsoleApp1.csproj", "{BFE31AAB-CF36-4BB5-B491-81FEEC331AD1}"
EndProject
Global
	GlobalSection(SolutionConfigurationPlatforms) = preSolution
		Debug|Any CPU = Debug|Any CPU
		Release|Any CPU = Release|Any CPU
	EndGlobalSection
	GlobalSection(ProjectConfigurationPlatforms) = postSolution
		{BFE31AAB-CF36-4BB5-B491-81FEEC331AD1}.Debug|Any CPU.ActiveCfg = Debug|Any CPU
		{BFE31AAB-CF36-4BB5-B491-81FEEC331AD1}.Debug|Any CPU.Build.0 = Debug|Any CPU
		{BFE31AAB-CF36-4BB5-B491-81FEEC331AD1}.Release|Any CPU.ActiveCfg = Release|Any CPU
		{BFE31AAB-CF36-4BB5-B491-81FEEC331AD1}.Release|Any CPU.Build.0 = Release|Any CPU
	EndGlobalSection
	GlobalSection(SolutionProperties) = preSolution
		HideSolutionNode = FALSE
	EndGlobalSection
	GlobalSection(ExtensibilityGlobals) = postSolution
		SolutionGuid = {8B676F30-8453-4A86-8F90-84159EFA447B}
	EndGlobalSection
EndGlobal
